
Microsoft Visual Studio Solution File, Format Version 12.00
# Visual Studio Version 16
VisualStudioVersion = 16.0.31624.102
MinimumVisualStudioVersion = 10.0.40219.1
Project("{FAE04EC0-301F-11D3-BF4B-00C04F79EFBC}") = "ASD1", "ASD1\ASD1.csproj", "{25851635-7267-41AE-9CAB-4DEA47DE72EA}"
EndProject
Global
	GlobalSection(SolutionConfigurationPlatforms) = preSolution
		Debug|Any CPU = Debug|Any CPU
		Release|Any CPU = Release|Any CPU
	EndGlobalSection
	GlobalSection(ProjectConfigurationPlatforms) = postSolution
		{25851635-7267-41AE-9CAB-4DEA47DE72EA}.Debug|Any CPU.ActiveCfg = Debug|Any CPU
		{25851635-7267-41AE-9CAB-4DEA47DE72EA}.Debug|Any CPU.Build.0 = Debug|Any CPU
		{25851635-7267-41AE-9CAB-4DEA47DE72EA}.Release|Any CPU.ActiveCfg = Release|Any CPU
		{25851635-7267-41AE-9CAB-4DEA47DE72EA}.Release|Any CPU.Build.0 = Release|Any CPU
	EndGlobalSection
	GlobalSection(SolutionProperties) = preSolution
		HideSolutionNode = FALSE
	EndGlobalSection
	GlobalSection(ExtensibilityGlobals) = postSolution
		SolutionGuid = {BC15E8B8-856C-4793-9748-A7C1D761F425}
	EndGlobalSection
EndGlobal
