
Microsoft Visual Studio Solution File, Format Version 12.00
# Visual Studio Version 17
VisualStudioVersion = 17.0.32126.317
MinimumVisualStudioVersion = 10.0.40219.1
Project("{FAE04EC0-301F-11D3-BF4B-00C04F79EFBC}") = "ads_lab5", "ads_lab5.csproj", "{CF769F1B-4985-457E-9661-2FFFD38F7286}"
EndProject
Global
	GlobalSection(SolutionConfigurationPlatforms) = preSolution
		Debug|Any CPU = Debug|Any CPU
		Release|Any CPU = Release|Any CPU
	EndGlobalSection
	GlobalSection(ProjectConfigurationPlatforms) = postSolution
		{CF769F1B-4985-457E-9661-2FFFD38F7286}.Debug|Any CPU.ActiveCfg = Debug|Any CPU
		{CF769F1B-4985-457E-9661-2FFFD38F7286}.Debug|Any CPU.Build.0 = Debug|Any CPU
		{CF769F1B-4985-457E-9661-2FFFD38F7286}.Release|Any CPU.ActiveCfg = Release|Any CPU
		{CF769F1B-4985-457E-9661-2FFFD38F7286}.Release|Any CPU.Build.0 = Release|Any CPU
	EndGlobalSection
	GlobalSection(SolutionProperties) = preSolution
		HideSolutionNode = FALSE
	EndGlobalSection
	GlobalSection(ExtensibilityGlobals) = postSolution
		SolutionGuid = {1FA43EF6-2E8F-4131-ACB8-850FD8594205}
	EndGlobalSection
EndGlobal
