
Microsoft Visual Studio Solution File, Format Version 12.00
# Visual Studio Version 16
VisualStudioVersion = 16.0.31624.102
MinimumVisualStudioVersion = 10.0.40219.1
Project("{FAE04EC0-301F-11D3-BF4B-00C04F79EFBC}") = "ads_lab2", "ads_lab2\ads_lab2.csproj", "{666C6937-FE7A-4806-BFFF-954AE16E21D4}"
EndProject
Global
	GlobalSection(SolutionConfigurationPlatforms) = preSolution
		Debug|Any CPU = Debug|Any CPU
		Release|Any CPU = Release|Any CPU
	EndGlobalSection
	GlobalSection(ProjectConfigurationPlatforms) = postSolution
		{666C6937-FE7A-4806-BFFF-954AE16E21D4}.Debug|Any CPU.ActiveCfg = Debug|Any CPU
		{666C6937-FE7A-4806-BFFF-954AE16E21D4}.Debug|Any CPU.Build.0 = Debug|Any CPU
		{666C6937-FE7A-4806-BFFF-954AE16E21D4}.Release|Any CPU.ActiveCfg = Release|Any CPU
		{666C6937-FE7A-4806-BFFF-954AE16E21D4}.Release|Any CPU.Build.0 = Release|Any CPU
	EndGlobalSection
	GlobalSection(SolutionProperties) = preSolution
		HideSolutionNode = FALSE
	EndGlobalSection
	GlobalSection(ExtensibilityGlobals) = postSolution
		SolutionGuid = {82060E62-5B0A-477F-88B3-349B611A99F0}
	EndGlobalSection
EndGlobal
