
Microsoft Visual Studio Solution File, Format Version 12.00
# Visual Studio Version 16
VisualStudioVersion = 16.0.31624.102
MinimumVisualStudioVersion = 10.0.40219.1
Project("{FAE04EC0-301F-11D3-BF4B-00C04F79EFBC}") = "ADS", "ADS\ADS.csproj", "{5AE45CD7-FC13-4B21-8BE5-8E1E22B416F5}"
EndProject
Global
	GlobalSection(SolutionConfigurationPlatforms) = preSolution
		Debug|Any CPU = Debug|Any CPU
		Release|Any CPU = Release|Any CPU
	EndGlobalSection
	GlobalSection(ProjectConfigurationPlatforms) = postSolution
		{5AE45CD7-FC13-4B21-8BE5-8E1E22B416F5}.Debug|Any CPU.ActiveCfg = Debug|Any CPU
		{5AE45CD7-FC13-4B21-8BE5-8E1E22B416F5}.Debug|Any CPU.Build.0 = Debug|Any CPU
		{5AE45CD7-FC13-4B21-8BE5-8E1E22B416F5}.Release|Any CPU.ActiveCfg = Release|Any CPU
		{5AE45CD7-FC13-4B21-8BE5-8E1E22B416F5}.Release|Any CPU.Build.0 = Release|Any CPU
	EndGlobalSection
	GlobalSection(SolutionProperties) = preSolution
		HideSolutionNode = FALSE
	EndGlobalSection
	GlobalSection(ExtensibilityGlobals) = postSolution
		SolutionGuid = {69FDB9ED-17DA-4572-B4C9-5211A5FC3341}
	EndGlobalSection
EndGlobal
